// !$*UTF8*$!
{
	archiveVersion = 1;
	classes = {
	};
	objectVersion = 56;
	objects = {

/* Begin PBXBuildFile section */
		D84CA30E2CAB201A00793020 /* AppDelegate.swift in Sources */ = {isa = PBXBuildFile; fileRef = D84CA30D2CAB201A00793020 /* AppDelegate.swift */; };
		D84CA3122CAB201B00793020 /* MainController.swift in Sources */ = {isa = PBXBuildFile; fileRef = D84CA3112CAB201B00793020 /* MainController.swift */; };
		D84CA3182CAB201B00793020 /* FiveLetters.xcdatamodeld in Sources */ = {isa = PBXBuildFile; fileRef = D84CA3162CAB201B00793020 /* FiveLetters.xcdatamodeld */; };
		D84CA31A2CAB201C00793020 /* Assets.xcassets in Resources */ = {isa = PBXBuildFile; fileRef = D84CA3192CAB201C00793020 /* Assets.xcassets */; };
		D84CA31D2CAB201C00793020 /* Base in Resources */ = {isa = PBXBuildFile; fileRef = D84CA31C2CAB201C00793020 /* Base */; };
		D84CA32A2CAB227300793020 /* BaseButton.swift in Sources */ = {isa = PBXBuildFile; fileRef = D84CA3292CAB227300793020 /* BaseButton.swift */; };
		D84CA32E2CAB231400793020 /* MainPresenter.swift in Sources */ = {isa = PBXBuildFile; fileRef = D84CA32D2CAB231400793020 /* MainPresenter.swift */; };
		D84CA3312CAB232D00793020 /* MainProtocols.swift in Sources */ = {isa = PBXBuildFile; fileRef = D84CA3302CAB232D00793020 /* MainProtocols.swift */; };
		D84CA3342CAB244500793020 /* MainViewRouter.swift in Sources */ = {isa = PBXBuildFile; fileRef = D84CA3332CAB244500793020 /* MainViewRouter.swift */; };
		D84CA3382CAB248E00793020 /* GameViewController.swift in Sources */ = {isa = PBXBuildFile; fileRef = D84CA3372CAB248E00793020 /* GameViewController.swift */; };
		D84CA33A2CAB24EE00793020 /* AssemblyBuilder.swift in Sources */ = {isa = PBXBuildFile; fileRef = D84CA3392CAB24EE00793020 /* AssemblyBuilder.swift */; };
		D84CA33D2CAB265F00793020 /* BaseCell.swift in Sources */ = {isa = PBXBuildFile; fileRef = D84CA33C2CAB265F00793020 /* BaseCell.swift */; };
		D84CA33F2CAB268800793020 /* GameBoardCell.swift in Sources */ = {isa = PBXBuildFile; fileRef = D84CA33E2CAB268800793020 /* GameBoardCell.swift */; };
		D84CA3412CAB26A400793020 /* KeysType.swift in Sources */ = {isa = PBXBuildFile; fileRef = D84CA3402CAB26A400793020 /* KeysType.swift */; };
		D84CA3432CAB26DB00793020 /* KeyboardCell.swift in Sources */ = {isa = PBXBuildFile; fileRef = D84CA3422CAB26DB00793020 /* KeyboardCell.swift */; };
		D84CA3452CAB273E00793020 /* GameCollectionView.swift in Sources */ = {isa = PBXBuildFile; fileRef = D84CA3442CAB273E00793020 /* GameCollectionView.swift */; };
		D84CA3482CAB27B300793020 /* GameBoardController.swift in Sources */ = {isa = PBXBuildFile; fileRef = D84CA3472CAB27B300793020 /* GameBoardController.swift */; };
		D84CA34A2CAB27D500793020 /* KeyboardController.swift in Sources */ = {isa = PBXBuildFile; fileRef = D84CA3492CAB27D500793020 /* KeyboardController.swift */; };
		D84CA34D2CAB281C00793020 /* GameProtocols.swift in Sources */ = {isa = PBXBuildFile; fileRef = D84CA34C2CAB281C00793020 /* GameProtocols.swift */; };
		D84CA34F2CAB2D6000793020 /* GamePresenter.swift in Sources */ = {isa = PBXBuildFile; fileRef = D84CA34E2CAB2D6000793020 /* GamePresenter.swift */; };
		D84CA3532CABDC7F00793020 /* GameRouter.swift in Sources */ = {isa = PBXBuildFile; fileRef = D84CA3522CABDC7F00793020 /* GameRouter.swift */; };
		D84CA3552CABE78600793020 /* words.json in Resources */ = {isa = PBXBuildFile; fileRef = D84CA3542CABE78600793020 /* words.json */; };
		D84CA3572CABE7A200793020 /* Words.swift in Sources */ = {isa = PBXBuildFile; fileRef = D84CA3562CABE7A200793020 /* Words.swift */; };
		D84CA3592CAC213700793020 /* WordManager.swift in Sources */ = {isa = PBXBuildFile; fileRef = D84CA3582CAC213700793020 /* WordManager.swift */; };
		D84CA35B2CAC233900793020 /* StorageManager.swift in Sources */ = {isa = PBXBuildFile; fileRef = D84CA35A2CAC233900793020 /* StorageManager.swift */; };
/* End PBXBuildFile section */

/* Begin PBXFileReference section */
		D84CA30A2CAB201A00793020 /* FiveLetters.app */ = {isa = PBXFileReference; explicitFileType = wrapper.application; includeInIndex = 0; path = FiveLetters.app; sourceTree = BUILT_PRODUCTS_DIR; };
		D84CA30D2CAB201A00793020 /* AppDelegate.swift */ = {isa = PBXFileReference; lastKnownFileType = sourcecode.swift; path = AppDelegate.swift; sourceTree = "<group>"; };
		D84CA3112CAB201B00793020 /* MainController.swift */ = {isa = PBXFileReference; lastKnownFileType = sourcecode.swift; path = MainController.swift; sourceTree = "<group>"; };
		D84CA3172CAB201B00793020 /* FiveLetters.xcdatamodel */ = {isa = PBXFileReference; lastKnownFileType = wrapper.xcdatamodel; path = FiveLetters.xcdatamodel; sourceTree = "<group>"; };
		D84CA3192CAB201C00793020 /* Assets.xcassets */ = {isa = PBXFileReference; lastKnownFileType = folder.assetcatalog; path = Assets.xcassets; sourceTree = "<group>"; };
		D84CA31C2CAB201C00793020 /* Base */ = {isa = PBXFileReference; lastKnownFileType = file.storyboard; name = Base; path = Base.lproj/LaunchScreen.storyboard; sourceTree = "<group>"; };
		D84CA31E2CAB201C00793020 /* Info.plist */ = {isa = PBXFileReference; lastKnownFileType = text.plist.xml; path = Info.plist; sourceTree = "<group>"; };
		D84CA3292CAB227300793020 /* BaseButton.swift */ = {isa = PBXFileReference; lastKnownFileType = sourcecode.swift; path = BaseButton.swift; sourceTree = "<group>"; };
		D84CA32D2CAB231400793020 /* MainPresenter.swift */ = {isa = PBXFileReference; lastKnownFileType = sourcecode.swift; path = MainPresenter.swift; sourceTree = "<group>"; };
		D84CA3302CAB232D00793020 /* MainProtocols.swift */ = {isa = PBXFileReference; lastKnownFileType = sourcecode.swift; path = MainProtocols.swift; sourceTree = "<group>"; };
		D84CA3332CAB244500793020 /* MainViewRouter.swift */ = {isa = PBXFileReference; lastKnownFileType = sourcecode.swift; path = MainViewRouter.swift; sourceTree = "<group>"; };
		D84CA3372CAB248E00793020 /* GameViewController.swift */ = {isa = PBXFileReference; lastKnownFileType = sourcecode.swift; path = GameViewController.swift; sourceTree = "<group>"; };
		D84CA3392CAB24EE00793020 /* AssemblyBuilder.swift */ = {isa = PBXFileReference; lastKnownFileType = sourcecode.swift; path = AssemblyBuilder.swift; sourceTree = "<group>"; };
		D84CA33C2CAB265F00793020 /* BaseCell.swift */ = {isa = PBXFileReference; lastKnownFileType = sourcecode.swift; path = BaseCell.swift; sourceTree = "<group>"; };
		D84CA33E2CAB268800793020 /* GameBoardCell.swift */ = {isa = PBXFileReference; lastKnownFileType = sourcecode.swift; path = GameBoardCell.swift; sourceTree = "<group>"; };
		D84CA3402CAB26A400793020 /* KeysType.swift */ = {isa = PBXFileReference; lastKnownFileType = sourcecode.swift; path = KeysType.swift; sourceTree = "<group>"; };
		D84CA3422CAB26DB00793020 /* KeyboardCell.swift */ = {isa = PBXFileReference; lastKnownFileType = sourcecode.swift; path = KeyboardCell.swift; sourceTree = "<group>"; };
		D84CA3442CAB273E00793020 /* GameCollectionView.swift */ = {isa = PBXFileReference; lastKnownFileType = sourcecode.swift; path = GameCollectionView.swift; sourceTree = "<group>"; };
		D84CA3472CAB27B300793020 /* GameBoardController.swift */ = {isa = PBXFileReference; lastKnownFileType = sourcecode.swift; path = GameBoardController.swift; sourceTree = "<group>"; };
		D84CA3492CAB27D500793020 /* KeyboardController.swift */ = {isa = PBXFileReference; lastKnownFileType = sourcecode.swift; path = KeyboardController.swift; sourceTree = "<group>"; };
		D84CA34C2CAB281C00793020 /* GameProtocols.swift */ = {isa = PBXFileReference; lastKnownFileType = sourcecode.swift; path = GameProtocols.swift; sourceTree = "<group>"; };
		D84CA34E2CAB2D6000793020 /* GamePresenter.swift */ = {isa = PBXFileReference; lastKnownFileType = sourcecode.swift; path = GamePresenter.swift; sourceTree = "<group>"; };
		D84CA3522CABDC7F00793020 /* GameRouter.swift */ = {isa = PBXFileReference; lastKnownFileType = sourcecode.swift; path = GameRouter.swift; sourceTree = "<group>"; };
		D84CA3542CABE78600793020 /* words.json */ = {isa = PBXFileReference; fileEncoding = 4; lastKnownFileType = text.json; name = words.json; path = ../../../../../../Downloads/words.json; sourceTree = "<group>"; };
		D84CA3562CABE7A200793020 /* Words.swift */ = {isa = PBXFileReference; lastKnownFileType = sourcecode.swift; path = Words.swift; sourceTree = "<group>"; };
		D84CA3582CAC213700793020 /* WordManager.swift */ = {isa = PBXFileReference; lastKnownFileType = sourcecode.swift; path = WordManager.swift; sourceTree = "<group>"; };
		D84CA35A2CAC233900793020 /* StorageManager.swift */ = {isa = PBXFileReference; lastKnownFileType = sourcecode.swift; path = StorageManager.swift; sourceTree = "<group>"; };
/* End PBXFileReference section */

/* Begin PBXFrameworksBuildPhase section */
		D84CA3072CAB201A00793020 /* Frameworks */ = {
			isa = PBXFrameworksBuildPhase;
			buildActionMask = 2147483647;
			files = (
			);
			runOnlyForDeploymentPostprocessing = 0;
		};
/* End PBXFrameworksBuildPhase section */

/* Begin PBXGroup section */
		D84CA3012CAB201A00793020 = {
			isa = PBXGroup;
			children = (
				D84CA30C2CAB201A00793020 /* FiveLetters */,
				D84CA30B2CAB201A00793020 /* Products */,
			);
			sourceTree = "<group>";
		};
		D84CA30B2CAB201A00793020 /* Products */ = {
			isa = PBXGroup;
			children = (
				D84CA30A2CAB201A00793020 /* FiveLetters.app */,
			);
			name = Products;
			sourceTree = "<group>";
		};
		D84CA30C2CAB201A00793020 /* FiveLetters */ = {
			isa = PBXGroup;
			children = (
				D84CA3242CAB21AA00793020 /* App */,
				D84CA3272CAB225B00793020 /* Support */,
				D84CA3262CAB21E400793020 /* MainModule */,
				D84CA3352CAB247000793020 /* GameModule */,
				D84CA3252CAB21B200793020 /* Resources */,
			);
			path = FiveLetters;
			sourceTree = "<group>";
		};
		D84CA3242CAB21AA00793020 /* App */ = {
			isa = PBXGroup;
			children = (
				D84CA30D2CAB201A00793020 /* AppDelegate.swift */,
			);
			path = App;
			sourceTree = "<group>";
		};
		D84CA3252CAB21B200793020 /* Resources */ = {
			isa = PBXGroup;
			children = (
				D84CA3542CABE78600793020 /* words.json */,
				D84CA3192CAB201C00793020 /* Assets.xcassets */,
				D84CA31B2CAB201C00793020 /* LaunchScreen.storyboard */,
				D84CA31E2CAB201C00793020 /* Info.plist */,
				D84CA3162CAB201B00793020 /* FiveLetters.xcdatamodeld */,
			);
			path = Resources;
			sourceTree = "<group>";
		};
		D84CA3262CAB21E400793020 /* MainModule */ = {
			isa = PBXGroup;
			children = (
				D84CA32F2CAB232200793020 /* Protocols */,
				D84CA32C2CAB230800793020 /* Presenter */,
				D84CA3322CAB243100793020 /* Router */,
				D84CA32B2CAB22FA00793020 /* View */,
			);
			path = MainModule;
			sourceTree = "<group>";
		};
		D84CA3272CAB225B00793020 /* Support */ = {
			isa = PBXGroup;
			children = (
				D84CA3282CAB226100793020 /* InterfaceElements */,
				D84CA3392CAB24EE00793020 /* AssemblyBuilder.swift */,
				D84CA3402CAB26A400793020 /* KeysType.swift */,
				D84CA3562CABE7A200793020 /* Words.swift */,
				D84CA3582CAC213700793020 /* WordManager.swift */,
			);
			path = Support;
			sourceTree = "<group>";
		};
		D84CA3282CAB226100793020 /* InterfaceElements */ = {
			isa = PBXGroup;
			children = (
				D84CA33B2CAB265300793020 /* CustomCells */,
				D84CA3292CAB227300793020 /* BaseButton.swift */,
				D84CA3442CAB273E00793020 /* GameCollectionView.swift */,
				D84CA35A2CAC233900793020 /* StorageManager.swift */,
			);
			path = InterfaceElements;
			sourceTree = "<group>";
		};
		D84CA32B2CAB22FA00793020 /* View */ = {
			isa = PBXGroup;
			children = (
				D84CA3112CAB201B00793020 /* MainController.swift */,
			);
			path = View;
			sourceTree = "<group>";
		};
		D84CA32C2CAB230800793020 /* Presenter */ = {
			isa = PBXGroup;
			children = (
				D84CA32D2CAB231400793020 /* MainPresenter.swift */,
			);
			path = Presenter;
			sourceTree = "<group>";
		};
		D84CA32F2CAB232200793020 /* Protocols */ = {
			isa = PBXGroup;
			children = (
				D84CA3302CAB232D00793020 /* MainProtocols.swift */,
			);
			path = Protocols;
			sourceTree = "<group>";
		};
		D84CA3322CAB243100793020 /* Router */ = {
			isa = PBXGroup;
			children = (
				D84CA3332CAB244500793020 /* MainViewRouter.swift */,
			);
			path = Router;
			sourceTree = "<group>";
		};
		D84CA3352CAB247000793020 /* GameModule */ = {
			isa = PBXGroup;
			children = (
				D84CA3512CABDC7400793020 /* Router */,
				D84CA3502CABD37400793020 /* Presenter */,
				D84CA34B2CAB280C00793020 /* Protocols */,
				D84CA3362CAB247500793020 /* View */,
			);
			path = GameModule;
			sourceTree = "<group>";
		};
		D84CA3362CAB247500793020 /* View */ = {
			isa = PBXGroup;
			children = (
				D84CA3462CAB279800793020 /* Subviews */,
				D84CA3372CAB248E00793020 /* GameViewController.swift */,
			);
			path = View;
			sourceTree = "<group>";
		};
		D84CA33B2CAB265300793020 /* CustomCells */ = {
			isa = PBXGroup;
			children = (
				D84CA33C2CAB265F00793020 /* BaseCell.swift */,
				D84CA33E2CAB268800793020 /* GameBoardCell.swift */,
				D84CA3422CAB26DB00793020 /* KeyboardCell.swift */,
			);
			path = CustomCells;
			sourceTree = "<group>";
		};
		D84CA3462CAB279800793020 /* Subviews */ = {
			isa = PBXGroup;
			children = (
				D84CA3472CAB27B300793020 /* GameBoardController.swift */,
				D84CA3492CAB27D500793020 /* KeyboardController.swift */,
			);
			path = Subviews;
			sourceTree = "<group>";
		};
		D84CA34B2CAB280C00793020 /* Protocols */ = {
			isa = PBXGroup;
			children = (
				D84CA34C2CAB281C00793020 /* GameProtocols.swift */,
			);
			path = Protocols;
			sourceTree = "<group>";
		};
		D84CA3502CABD37400793020 /* Presenter */ = {
			isa = PBXGroup;
			children = (
				D84CA34E2CAB2D6000793020 /* GamePresenter.swift */,
			);
			path = Presenter;
			sourceTree = "<group>";
		};
		D84CA3512CABDC7400793020 /* Router */ = {
			isa = PBXGroup;
			children = (
				D84CA3522CABDC7F00793020 /* GameRouter.swift */,
			);
			path = Router;
			sourceTree = "<group>";
		};
/* End PBXGroup section */

/* Begin PBXNativeTarget section */
		D84CA3092CAB201A00793020 /* FiveLetters */ = {
			isa = PBXNativeTarget;
			buildConfigurationList = D84CA3212CAB201C00793020 /* Build configuration list for PBXNativeTarget "FiveLetters" */;
			buildPhases = (
				D84CA3062CAB201A00793020 /* Sources */,
				D84CA3072CAB201A00793020 /* Frameworks */,
				D84CA3082CAB201A00793020 /* Resources */,
			);
			buildRules = (
			);
			dependencies = (
			);
			name = FiveLetters;
			productName = FiveLetters;
			productReference = D84CA30A2CAB201A00793020 /* FiveLetters.app */;
			productType = "com.apple.product-type.application";
		};
/* End PBXNativeTarget section */

/* Begin PBXProject section */
		D84CA3022CAB201A00793020 /* Project object */ = {
			isa = PBXProject;
			attributes = {
				BuildIndependentTargetsInParallel = 1;
				LastSwiftUpdateCheck = 1540;
				LastUpgradeCheck = 1540;
				TargetAttributes = {
					D84CA3092CAB201A00793020 = {
						CreatedOnToolsVersion = 15.4;
					};
				};
			};
			buildConfigurationList = D84CA3052CAB201A00793020 /* Build configuration list for PBXProject "FiveLetters" */;
			compatibilityVersion = "Xcode 14.0";
			developmentRegion = en;
			hasScannedForEncodings = 0;
			knownRegions = (
				en,
				Base,
			);
			mainGroup = D84CA3012CAB201A00793020;
			productRefGroup = D84CA30B2CAB201A00793020 /* Products */;
			projectDirPath = "";
			projectRoot = "";
			targets = (
				D84CA3092CAB201A00793020 /* FiveLetters */,
			);
		};
/* End PBXProject section */

/* Begin PBXResourcesBuildPhase section */
		D84CA3082CAB201A00793020 /* Resources */ = {
			isa = PBXResourcesBuildPhase;
			buildActionMask = 2147483647;
			files = (
				D84CA3552CABE78600793020 /* words.json in Resources */,
				D84CA31A2CAB201C00793020 /* Assets.xcassets in Resources */,
				D84CA31D2CAB201C00793020 /* Base in Resources */,
			);
			runOnlyForDeploymentPostprocessing = 0;
		};
/* End PBXResourcesBuildPhase section */

/* Begin PBXSourcesBuildPhase section */
		D84CA3062CAB201A00793020 /* Sources */ = {
			isa = PBXSourcesBuildPhase;
			buildActionMask = 2147483647;
			files = (
				D84CA3452CAB273E00793020 /* GameCollectionView.swift in Sources */,
				D84CA32E2CAB231400793020 /* MainPresenter.swift in Sources */,
				D84CA3122CAB201B00793020 /* MainController.swift in Sources */,
				D84CA33F2CAB268800793020 /* GameBoardCell.swift in Sources */,
				D84CA3412CAB26A400793020 /* KeysType.swift in Sources */,
				D84CA3312CAB232D00793020 /* MainProtocols.swift in Sources */,
				D84CA34D2CAB281C00793020 /* GameProtocols.swift in Sources */,
				D84CA33A2CAB24EE00793020 /* AssemblyBuilder.swift in Sources */,
				D84CA3432CAB26DB00793020 /* KeyboardCell.swift in Sources */,
				D84CA3572CABE7A200793020 /* Words.swift in Sources */,
				D84CA34A2CAB27D500793020 /* KeyboardController.swift in Sources */,
				D84CA3182CAB201B00793020 /* FiveLetters.xcdatamodeld in Sources */,
				D84CA3592CAC213700793020 /* WordManager.swift in Sources */,
				D84CA35B2CAC233900793020 /* StorageManager.swift in Sources */,
				D84CA3482CAB27B300793020 /* GameBoardController.swift in Sources */,
				D84CA3382CAB248E00793020 /* GameViewController.swift in Sources */,
				D84CA32A2CAB227300793020 /* BaseButton.swift in Sources */,
				D84CA34F2CAB2D6000793020 /* GamePresenter.swift in Sources */,
				D84CA3342CAB244500793020 /* MainViewRouter.swift in Sources */,
				D84CA3532CABDC7F00793020 /* GameRouter.swift in Sources */,
				D84CA33D2CAB265F00793020 /* BaseCell.swift in Sources */,
				D84CA30E2CAB201A00793020 /* AppDelegate.swift in Sources */,
			);
			runOnlyForDeploymentPostprocessing = 0;
		};
/* End PBXSourcesBuildPhase section */

/* Begin PBXVariantGroup section */
		D84CA31B2CAB201C00793020 /* LaunchScreen.storyboard */ = {
			isa = PBXVariantGroup;
			children = (
				D84CA31C2CAB201C00793020 /* Base */,
			);
			name = LaunchScreen.storyboard;
			sourceTree = "<group>";
		};
/* End PBXVariantGroup section */

/* Begin XCBuildConfiguration section */
		D84CA31F2CAB201C00793020 /* Debug */ = {
			isa = XCBuildConfiguration;
			buildSettings = {
				ALWAYS_SEARCH_USER_PATHS = NO;
				ASSETCATALOG_COMPILER_GENERATE_SWIFT_ASSET_SYMBOL_EXTENSIONS = YES;
				CLANG_ANALYZER_NONNULL = YES;
				CLANG_ANALYZER_NUMBER_OBJECT_CONVERSION = YES_AGGRESSIVE;
				CLANG_CXX_LANGUAGE_STANDARD = "gnu++20";
				CLANG_ENABLE_MODULES = YES;
				CLANG_ENABLE_OBJC_ARC = YES;
				CLANG_ENABLE_OBJC_WEAK = YES;
				CLANG_WARN_BLOCK_CAPTURE_AUTORELEASING = YES;
				CLANG_WARN_BOOL_CONVERSION = YES;
				CLANG_WARN_COMMA = YES;
				CLANG_WARN_CONSTANT_CONVERSION = YES;
				CLANG_WARN_DEPRECATED_OBJC_IMPLEMENTATIONS = YES;
				CLANG_WARN_DIRECT_OBJC_ISA_USAGE = YES_ERROR;
				CLANG_WARN_DOCUMENTATION_COMMENTS = YES;
				CLANG_WARN_EMPTY_BODY = YES;
				CLANG_WARN_ENUM_CONVERSION = YES;
				CLANG_WARN_INFINITE_RECURSION = YES;
				CLANG_WARN_INT_CONVERSION = YES;
				CLANG_WARN_NON_LITERAL_NULL_CONVERSION = YES;
				CLANG_WARN_OBJC_IMPLICIT_RETAIN_SELF = YES;
				CLANG_WARN_OBJC_LITERAL_CONVERSION = YES;
				CLANG_WARN_OBJC_ROOT_CLASS = YES_ERROR;
				CLANG_WARN_QUOTED_INCLUDE_IN_FRAMEWORK_HEADER = YES;
				CLANG_WARN_RANGE_LOOP_ANALYSIS = YES;
				CLANG_WARN_STRICT_PROTOTYPES = YES;
				CLANG_WARN_SUSPICIOUS_MOVE = YES;
				CLANG_WARN_UNGUARDED_AVAILABILITY = YES_AGGRESSIVE;
				CLANG_WARN_UNREACHABLE_CODE = YES;
				CLANG_WARN__DUPLICATE_METHOD_MATCH = YES;
				COPY_PHASE_STRIP = NO;
				DEBUG_INFORMATION_FORMAT = dwarf;
				ENABLE_STRICT_OBJC_MSGSEND = YES;
				ENABLE_TESTABILITY = YES;
				ENABLE_USER_SCRIPT_SANDBOXING = YES;
				GCC_C_LANGUAGE_STANDARD = gnu17;
				GCC_DYNAMIC_NO_PIC = NO;
				GCC_NO_COMMON_BLOCKS = YES;
				GCC_OPTIMIZATION_LEVEL = 0;
				GCC_PREPROCESSOR_DEFINITIONS = (
					"DEBUG=1",
					"$(inherited)",
				);
				GCC_WARN_64_TO_32_BIT_CONVERSION = YES;
				GCC_WARN_ABOUT_RETURN_TYPE = YES_ERROR;
				GCC_WARN_UNDECLARED_SELECTOR = YES;
				GCC_WARN_UNINITIALIZED_AUTOS = YES_AGGRESSIVE;
				GCC_WARN_UNUSED_FUNCTION = YES;
				GCC_WARN_UNUSED_VARIABLE = YES;
				IPHONEOS_DEPLOYMENT_TARGET = 17.5;
				LOCALIZATION_PREFERS_STRING_CATALOGS = YES;
				MTL_ENABLE_DEBUG_INFO = INCLUDE_SOURCE;
				MTL_FAST_MATH = YES;
				ONLY_ACTIVE_ARCH = YES;
				SDKROOT = iphoneos;
				SWIFT_ACTIVE_COMPILATION_CONDITIONS = "DEBUG $(inherited)";
				SWIFT_OPTIMIZATION_LEVEL = "-Onone";
			};
			name = Debug;
		};
		D84CA3202CAB201C00793020 /* Release */ = {
			isa = XCBuildConfiguration;
			buildSettings = {
				ALWAYS_SEARCH_USER_PATHS = NO;
				ASSETCATALOG_COMPILER_GENERATE_SWIFT_ASSET_SYMBOL_EXTENSIONS = YES;
				CLANG_ANALYZER_NONNULL = YES;
				CLANG_ANALYZER_NUMBER_OBJECT_CONVERSION = YES_AGGRESSIVE;
				CLANG_CXX_LANGUAGE_STANDARD = "gnu++20";
				CLANG_ENABLE_MODULES = YES;
				CLANG_ENABLE_OBJC_ARC = YES;
				CLANG_ENABLE_OBJC_WEAK = YES;
				CLANG_WARN_BLOCK_CAPTURE_AUTORELEASING = YES;
				CLANG_WARN_BOOL_CONVERSION = YES;
				CLANG_WARN_COMMA = YES;
				CLANG_WARN_CONSTANT_CONVERSION = YES;
				CLANG_WARN_DEPRECATED_OBJC_IMPLEMENTATIONS = YES;
				CLANG_WARN_DIRECT_OBJC_ISA_USAGE = YES_ERROR;
				CLANG_WARN_DOCUMENTATION_COMMENTS = YES;
				CLANG_WARN_EMPTY_BODY = YES;
				CLANG_WARN_ENUM_CONVERSION = YES;
				CLANG_WARN_INFINITE_RECURSION = YES;
				CLANG_WARN_INT_CONVERSION = YES;
				CLANG_WARN_NON_LITERAL_NULL_CONVERSION = YES;
				CLANG_WARN_OBJC_IMPLICIT_RETAIN_SELF = YES;
				CLANG_WARN_OBJC_LITERAL_CONVERSION = YES;
				CLANG_WARN_OBJC_ROOT_CLASS = YES_ERROR;
				CLANG_WARN_QUOTED_INCLUDE_IN_FRAMEWORK_HEADER = YES;
				CLANG_WARN_RANGE_LOOP_ANALYSIS = YES;
				CLANG_WARN_STRICT_PROTOTYPES = YES;
				CLANG_WARN_SUSPICIOUS_MOVE = YES;
				CLANG_WARN_UNGUARDED_AVAILABILITY = YES_AGGRESSIVE;
				CLANG_WARN_UNREACHABLE_CODE = YES;
				CLANG_WARN__DUPLICATE_METHOD_MATCH = YES;
				COPY_PHASE_STRIP = NO;
				DEBUG_INFORMATION_FORMAT = "dwarf-with-dsym";
				ENABLE_NS_ASSERTIONS = NO;
				ENABLE_STRICT_OBJC_MSGSEND = YES;
				ENABLE_USER_SCRIPT_SANDBOXING = YES;
				GCC_C_LANGUAGE_STANDARD = gnu17;
				GCC_NO_COMMON_BLOCKS = YES;
				GCC_WARN_64_TO_32_BIT_CONVERSION = YES;
				GCC_WARN_ABOUT_RETURN_TYPE = YES_ERROR;
				GCC_WARN_UNDECLARED_SELECTOR = YES;
				GCC_WARN_UNINITIALIZED_AUTOS = YES_AGGRESSIVE;
				GCC_WARN_UNUSED_FUNCTION = YES;
				GCC_WARN_UNUSED_VARIABLE = YES;
				IPHONEOS_DEPLOYMENT_TARGET = 17.5;
				LOCALIZATION_PREFERS_STRING_CATALOGS = YES;
				MTL_ENABLE_DEBUG_INFO = NO;
				MTL_FAST_MATH = YES;
				SDKROOT = iphoneos;
				SWIFT_COMPILATION_MODE = wholemodule;
				VALIDATE_PRODUCT = YES;
			};
			name = Release;
		};
		D84CA3222CAB201C00793020 /* Debug */ = {
			isa = XCBuildConfiguration;
			buildSettings = {
				ASSETCATALOG_COMPILER_APPICON_NAME = AppIcon;
				ASSETCATALOG_COMPILER_GLOBAL_ACCENT_COLOR_NAME = AccentColor;
				CODE_SIGN_STYLE = Automatic;
				CURRENT_PROJECT_VERSION = 1;
				DEVELOPMENT_TEAM = 9KN879RV4D;
				GENERATE_INFOPLIST_FILE = YES;
				INFOPLIST_FILE = FiveLetters/Resources/Info.plist;
				INFOPLIST_KEY_UIApplicationSupportsIndirectInputEvents = YES;
				INFOPLIST_KEY_UILaunchStoryboardName = LaunchScreen;
				INFOPLIST_KEY_UISupportedInterfaceOrientations = UIInterfaceOrientationPortrait;
				INFOPLIST_KEY_UISupportedInterfaceOrientations_iPad = "UIInterfaceOrientationLandscapeLeft UIInterfaceOrientationLandscapeRight UIInterfaceOrientationPortrait UIInterfaceOrientationPortraitUpsideDown";
				LD_RUNPATH_SEARCH_PATHS = (
					"$(inherited)",
					"@executable_path/Frameworks",
				);
				MARKETING_VERSION = 1.0;
				PRODUCT_BUNDLE_IDENTIFIER = "-.FiveLetters";
				PRODUCT_NAME = "$(TARGET_NAME)";
				SUPPORTED_PLATFORMS = "iphoneos iphonesimulator";
				SUPPORTS_MACCATALYST = NO;
				SUPPORTS_MAC_DESIGNED_FOR_IPHONE_IPAD = NO;
				SUPPORTS_XR_DESIGNED_FOR_IPHONE_IPAD = NO;
				SWIFT_EMIT_LOC_STRINGS = YES;
				SWIFT_VERSION = 5.0;
				TARGETED_DEVICE_FAMILY = 1;
			};
			name = Debug;
		};
		D84CA3232CAB201C00793020 /* Release */ = {
			isa = XCBuildConfiguration;
			buildSettings = {
				ASSETCATALOG_COMPILER_APPICON_NAME = AppIcon;
				ASSETCATALOG_COMPILER_GLOBAL_ACCENT_COLOR_NAME = AccentColor;
				CODE_SIGN_STYLE = Automatic;
				CURRENT_PROJECT_VERSION = 1;
				DEVELOPMENT_TEAM = 9KN879RV4D;
				GENERATE_INFOPLIST_FILE = YES;
				INFOPLIST_FILE = FiveLetters/Resources/Info.plist;
				INFOPLIST_KEY_UIApplicationSupportsIndirectInputEvents = YES;
				INFOPLIST_KEY_UILaunchStoryboardName = LaunchScreen;
				INFOPLIST_KEY_UISupportedInterfaceOrientations = UIInterfaceOrientationPortrait;
				INFOPLIST_KEY_UISupportedInterfaceOrientations_iPad = "UIInterfaceOrientationLandscapeLeft UIInterfaceOrientationLandscapeRight UIInterfaceOrientationPortrait UIInterfaceOrientationPortraitUpsideDown";
				LD_RUNPATH_SEARCH_PATHS = (
					"$(inherited)",
					"@executable_path/Frameworks",
				);
				MARKETING_VERSION = 1.0;
				PRODUCT_BUNDLE_IDENTIFIER = "-.FiveLetters";
				PRODUCT_NAME = "$(TARGET_NAME)";
				SUPPORTED_PLATFORMS = "iphoneos iphonesimulator";
				SUPPORTS_MACCATALYST = NO;
				SUPPORTS_MAC_DESIGNED_FOR_IPHONE_IPAD = NO;
				SUPPORTS_XR_DESIGNED_FOR_IPHONE_IPAD = NO;
				SWIFT_EMIT_LOC_STRINGS = YES;
				SWIFT_VERSION = 5.0;
				TARGETED_DEVICE_FAMILY = 1;
			};
			name = Release;
		};
/* End XCBuildConfiguration section */

/* Begin XCConfigurationList section */
		D84CA3052CAB201A00793020 /* Build configuration list for PBXProject "FiveLetters" */ = {
			isa = XCConfigurationList;
			buildConfigurations = (
				D84CA31F2CAB201C00793020 /* Debug */,
				D84CA3202CAB201C00793020 /* Release */,
			);
			defaultConfigurationIsVisible = 0;
			defaultConfigurationName = Release;
		};
		D84CA3212CAB201C00793020 /* Build configuration list for PBXNativeTarget "FiveLetters" */ = {
			isa = XCConfigurationList;
			buildConfigurations = (
				D84CA3222CAB201C00793020 /* Debug */,
				D84CA3232CAB201C00793020 /* Release */,
			);
			defaultConfigurationIsVisible = 0;
			defaultConfigurationName = Release;
		};
/* End XCConfigurationList section */

/* Begin XCVersionGroup section */
		D84CA3162CAB201B00793020 /* FiveLetters.xcdatamodeld */ = {
			isa = XCVersionGroup;
			children = (
				D84CA3172CAB201B00793020 /* FiveLetters.xcdatamodel */,
			);
			currentVersion = D84CA3172CAB201B00793020 /* FiveLetters.xcdatamodel */;
			path = FiveLetters.xcdatamodeld;
			sourceTree = "<group>";
			versionGroupType = wrapper.xcdatamodel;
		};
/* End XCVersionGroup section */
	};
	rootObject = D84CA3022CAB201A00793020 /* Project object */;
}
